
Microsoft Visual Studio Solution File, Format Version 12.00
# Visual Studio Version 17
VisualStudioVersion = 17.6.33829.357
MinimumVisualStudioVersion = 10.0.40219.1
Project("{9A19103F-16F7-4668-BE54-9A1E7A4F7556}") = "SVG_EnhancedExercise", "SVG_EnhancedExercise\SVG_EnhancedExercise.csproj", "{E79D090A-68F3-4F98-9C6E-868C0A8902B9}"
EndProject
Project("{2150E333-8FDC-42A3-9474-1A3956D46DE8}") = "Çözüm Öğeleri", "Çözüm Öğeleri", "{82CD1E07-3CF0-413E-8685-FE040CB58854}"
	ProjectSection(SolutionItems) = preProject
		README.md = README.md
	EndProjectSection
EndProject
Project("{FAE04EC0-301F-11D3-BF4B-00C04F79EFBC}") = "SVG_EnhancedExercise_Tests", "SVG_EnhancedExercise_Tests\SVG_EnhancedExercise_Tests.csproj", "{0F96A4CD-C83C-4C38-BE9B-094200E717F7}"
EndProject
Global
	GlobalSection(SolutionConfigurationPlatforms) = preSolution
		Debug|Any CPU = Debug|Any CPU
		Release|Any CPU = Release|Any CPU
	EndGlobalSection
	GlobalSection(ProjectConfigurationPlatforms) = postSolution
		{E79D090A-68F3-4F98-9C6E-868C0A8902B9}.Debug|Any CPU.ActiveCfg = Debug|Any CPU
		{E79D090A-68F3-4F98-9C6E-868C0A8902B9}.Debug|Any CPU.Build.0 = Debug|Any CPU
		{E79D090A-68F3-4F98-9C6E-868C0A8902B9}.Release|Any CPU.ActiveCfg = Release|Any CPU
		{E79D090A-68F3-4F98-9C6E-868C0A8902B9}.Release|Any CPU.Build.0 = Release|Any CPU
		{0F96A4CD-C83C-4C38-BE9B-094200E717F7}.Debug|Any CPU.ActiveCfg = Debug|Any CPU
		{0F96A4CD-C83C-4C38-BE9B-094200E717F7}.Debug|Any CPU.Build.0 = Debug|Any CPU
		{0F96A4CD-C83C-4C38-BE9B-094200E717F7}.Release|Any CPU.ActiveCfg = Release|Any CPU
		{0F96A4CD-C83C-4C38-BE9B-094200E717F7}.Release|Any CPU.Build.0 = Release|Any CPU
	EndGlobalSection
	GlobalSection(SolutionProperties) = preSolution
		HideSolutionNode = FALSE
	EndGlobalSection
	GlobalSection(ExtensibilityGlobals) = postSolution
		SolutionGuid = {B8105604-3867-4E43-8DC4-5B85F6DF2C64}
	EndGlobalSection
EndGlobal
